{
  "name": "ds-app-core-dev",
  "version": "0.0.0",
  "lockfileVersion": 2,
  "requires": true,
  "packages": {
    "": {
      "name": "ds-app-core-dev",
      "version": "0.0.0",
      "license": "MIT",
      "dependencies": {
        "@babylonjs/core": "^6.0.0",
        "crystal-compressor": "^0.0.4",
        "crystalline-state": "^0.0.45",
        "divine-binary-object": "^0.1.1",
        "elmtree": "^0.0.27",
        "zeneithdb": "^0.0.22"
      }
    },
    "node_modules/@babylonjs/core": {
      "version": "6.0.0",
      "resolved": "https://registry.npmjs.org/@babylonjs/core/-/core-6.0.0.tgz",
      "integrity": "sha512-lQ0cDwhVrWn9MSf91UsvLbWMpIFW0P1YxNSghUG3yTOaf2ZpKEl9AmTrbN+lMfxkrGdgQQB+Bgd3khc2kkMkrA=="
    },
    "node_modules/crystal-compressor": {
      "version": "0.0.4",
      "resolved": "https://registry.npmjs.org/crystal-compressor/-/crystal-compressor-0.0.4.tgz",
      "integrity": "sha512-Y1PDUEoquFXYSCc4kXtIZB7NnO5r1FEZZldht7wglIKQvmSJe5WizEQWiswItOn9z6CrW+hS3qna7WUiqvSP7w=="
    },
    "node_modules/crystalline-state": {
      "version": "0.0.45",
      "resolved": "https://registry.npmjs.org/crystalline-state/-/crystalline-state-0.0.45.tgz",
      "integrity": "sha512-c538IcnNdyZcmNbs5wHA50uIPXP68B7cATEvFYw+YhsqLL1inSGLIJHtgY4XSWpT09tN3ZD2wd67Nd6wXfjY7w=="
    },
    "node_modules/divine-binary-object": {
      "version": "0.1.1",
      "resolved": "https://registry.npmjs.org/divine-binary-object/-/divine-binary-object-0.1.1.tgz",
      "integrity": "sha512-wlxAYrVQLO9WGb+EFMrBX82sLSPq5RIn+uoIpTjREczTALeEIAO14oZcqBvkYYpEqAkcWDyVwRk2SW5XSgftyg=="
    },
    "node_modules/elmtree": {
      "version": "0.0.27",
      "resolved": "https://registry.npmjs.org/elmtree/-/elmtree-0.0.27.tgz",
      "integrity": "sha512-0pQ/RStpqumxK2lviqyt2LtPswNS1swh7RVskBSG/beDfSthXIaZnw2+ATnOBwMvw/Ruc5LsfaAcq2SLo07tPw=="
    },
    "node_modules/zeneithdb": {
      "version": "0.0.22",
      "resolved": "https://registry.npmjs.org/zeneithdb/-/zeneithdb-0.0.22.tgz",
      "integrity": "sha512-4iju7hi8S0j7Zm8JwbnU/Q09GcALQ6d4pwVo/AfL2nMR6rJz2fGNHtLnyvhdIy22COtyiw0dzkM4uYrGNQkhog=="
    }
  },
  "dependencies": {
    "@babylonjs/core": {
      "version": "6.0.0",
      "resolved": "https://registry.npmjs.org/@babylonjs/core/-/core-6.0.0.tgz",
      "integrity": "sha512-lQ0cDwhVrWn9MSf91UsvLbWMpIFW0P1YxNSghUG3yTOaf2ZpKEl9AmTrbN+lMfxkrGdgQQB+Bgd3khc2kkMkrA=="
    },
    "crystal-compressor": {
      "version": "0.0.4",
      "resolved": "https://registry.npmjs.org/crystal-compressor/-/crystal-compressor-0.0.4.tgz",
      "integrity": "sha512-Y1PDUEoquFXYSCc4kXtIZB7NnO5r1FEZZldht7wglIKQvmSJe5WizEQWiswItOn9z6CrW+hS3qna7WUiqvSP7w=="
    },
    "crystalline-state": {
      "version": "0.0.45",
      "resolved": "https://registry.npmjs.org/crystalline-state/-/crystalline-state-0.0.45.tgz",
      "integrity": "sha512-c538IcnNdyZcmNbs5wHA50uIPXP68B7cATEvFYw+YhsqLL1inSGLIJHtgY4XSWpT09tN3ZD2wd67Nd6wXfjY7w=="
    },
    "divine-binary-object": {
      "version": "0.1.1",
      "resolved": "https://registry.npmjs.org/divine-binary-object/-/divine-binary-object-0.1.1.tgz",
      "integrity": "sha512-wlxAYrVQLO9WGb+EFMrBX82sLSPq5RIn+uoIpTjREczTALeEIAO14oZcqBvkYYpEqAkcWDyVwRk2SW5XSgftyg=="
    },
    "elmtree": {
      "version": "0.0.27",
      "resolved": "https://registry.npmjs.org/elmtree/-/elmtree-0.0.27.tgz",
      "integrity": "sha512-0pQ/RStpqumxK2lviqyt2LtPswNS1swh7RVskBSG/beDfSthXIaZnw2+ATnOBwMvw/Ruc5LsfaAcq2SLo07tPw=="
    },
    "zeneithdb": {
      "version": "0.0.22",
      "resolved": "https://registry.npmjs.org/zeneithdb/-/zeneithdb-0.0.22.tgz",
      "integrity": "sha512-4iju7hi8S0j7Zm8JwbnU/Q09GcALQ6d4pwVo/AfL2nMR6rJz2fGNHtLnyvhdIy22COtyiw0dzkM4uYrGNQkhog=="
    }
  }
}
